<?xml version="1.0" encoding="utf-8"?>
<Project ToolsVersion="4.0" xmlns="http://schemas.microsoft.com/developer/msbuild/2003">
  <ItemGroup>
    <ClCompile Include="Atelier.cpp" />
  </ItemGroup>
  <ItemGroup>
    <Filter Include="Tools">
      <UniqueIdentifier>{73da07a8-94b6-410e-a576-88c5b7c33959}</UniqueIdentifier>
    </Filter>
  </ItemGroup>
</Project>